
Microsoft Visual Studio Solution File, Format Version 12.00
# Visual Studio 2013
VisualStudioVersion = 12.0.30110.0
MinimumVisualStudioVersion = 10.0.40219.1
Project("{FAE04EC0-301F-11D3-BF4B-00C04F79EFBC}") = "MonarchTestBooking", "MonarchTestBooking\MonarchTestBooking.csproj", "{124CF153-4234-40C5-AC84-0E4EC297A62F}"
EndProject
Project("{FAE04EC0-301F-11D3-BF4B-00C04F79EFBC}") = "MonarchTestBooking.Tests", "MonarchTestBooking.Tests\MonarchTestBooking.Tests.csproj", "{4C2D37AC-2BB5-4DF1-BED9-2A87332F1E24}"
EndProject
Project("{FAE04EC0-301F-11D3-BF4B-00C04F79EFBC}") = "MonarchTestBooking.Models", "MonarchTestBooking.Models\MonarchTestBooking.Models.csproj", "{49537616-A91D-41A7-84C1-718F5F501D7A}"
EndProject
Project("{FAE04EC0-301F-11D3-BF4B-00C04F79EFBC}") = "MonarchTestBooking.Data", "MonarchTestBooking.Data\MonarchTestBooking.Data.csproj", "{3E715297-F7AC-4FD5-BAE4-4CD177E4ACB2}"
EndProject
Global
	GlobalSection(SolutionConfigurationPlatforms) = preSolution
		Debug|Any CPU = Debug|Any CPU
		Release|Any CPU = Release|Any CPU
	EndGlobalSection
	GlobalSection(ProjectConfigurationPlatforms) = postSolution
		{124CF153-4234-40C5-AC84-0E4EC297A62F}.Debug|Any CPU.ActiveCfg = Debug|Any CPU
		{124CF153-4234-40C5-AC84-0E4EC297A62F}.Debug|Any CPU.Build.0 = Debug|Any CPU
		{124CF153-4234-40C5-AC84-0E4EC297A62F}.Release|Any CPU.ActiveCfg = Release|Any CPU
		{124CF153-4234-40C5-AC84-0E4EC297A62F}.Release|Any CPU.Build.0 = Release|Any CPU
		{4C2D37AC-2BB5-4DF1-BED9-2A87332F1E24}.Debug|Any CPU.ActiveCfg = Debug|Any CPU
		{4C2D37AC-2BB5-4DF1-BED9-2A87332F1E24}.Debug|Any CPU.Build.0 = Debug|Any CPU
		{4C2D37AC-2BB5-4DF1-BED9-2A87332F1E24}.Release|Any CPU.ActiveCfg = Release|Any CPU
		{4C2D37AC-2BB5-4DF1-BED9-2A87332F1E24}.Release|Any CPU.Build.0 = Release|Any CPU
		{49537616-A91D-41A7-84C1-718F5F501D7A}.Debug|Any CPU.ActiveCfg = Debug|Any CPU
		{49537616-A91D-41A7-84C1-718F5F501D7A}.Debug|Any CPU.Build.0 = Debug|Any CPU
		{49537616-A91D-41A7-84C1-718F5F501D7A}.Release|Any CPU.ActiveCfg = Release|Any CPU
		{49537616-A91D-41A7-84C1-718F5F501D7A}.Release|Any CPU.Build.0 = Release|Any CPU
		{3E715297-F7AC-4FD5-BAE4-4CD177E4ACB2}.Debug|Any CPU.ActiveCfg = Debug|Any CPU
		{3E715297-F7AC-4FD5-BAE4-4CD177E4ACB2}.Debug|Any CPU.Build.0 = Debug|Any CPU
		{3E715297-F7AC-4FD5-BAE4-4CD177E4ACB2}.Release|Any CPU.ActiveCfg = Release|Any CPU
		{3E715297-F7AC-4FD5-BAE4-4CD177E4ACB2}.Release|Any CPU.Build.0 = Release|Any CPU
	EndGlobalSection
	GlobalSection(SolutionProperties) = preSolution
		HideSolutionNode = FALSE
	EndGlobalSection
EndGlobal
